
Microsoft Visual Studio Solution File, Format Version 12.00
# Visual Studio Version 16
VisualStudioVersion = 16.0.28917.182
MinimumVisualStudioVersion = 10.0.40219.1
Project("{9A19103F-16F7-4668-BE54-9A1E7A4F7556}") = "OpenH2.Core", "OpenH2\src\OpenH2.Core\OpenH2.Core.csproj", "{16A95F0B-F26C-4E38-B6F4-E74E351DE580}"
EndProject
Project("{9A19103F-16F7-4668-BE54-9A1E7A4F7556}") = "Halo2Vista", "h2v\Halo2Vista.csproj", "{9EAEBA4C-6905-4CEC-ADAD-FAAA6CE91D8D}"
EndProject
Project("{9A19103F-16F7-4668-BE54-9A1E7A4F7556}") = "Halo2MCC", "h2mcc\Halo2MCC.csproj", "{F592868D-7E27-4845-9795-FF3ABA32E023}"
EndProject
Project("{9A19103F-16F7-4668-BE54-9A1E7A4F7556}") = "OpenH2.Foundation", "OpenH2\src\OpenH2.Foundation\OpenH2.Foundation.csproj", "{6FC05410-62A7-43FB-93B6-1EBF233DB2C2}"
EndProject
Global
	GlobalSection(SolutionConfigurationPlatforms) = preSolution
		Debug|Any CPU = Debug|Any CPU
		Debug|x64 = Debug|x64
		Release|Any CPU = Release|Any CPU
		Release|x64 = Release|x64
	EndGlobalSection
	GlobalSection(ProjectConfigurationPlatforms) = postSolution
		{16A95F0B-F26C-4E38-B6F4-E74E351DE580}.Debug|Any CPU.ActiveCfg = Debug|Any CPU
		{16A95F0B-F26C-4E38-B6F4-E74E351DE580}.Debug|Any CPU.Build.0 = Debug|Any CPU
		{16A95F0B-F26C-4E38-B6F4-E74E351DE580}.Debug|x64.ActiveCfg = Debug|Any CPU
		{16A95F0B-F26C-4E38-B6F4-E74E351DE580}.Debug|x64.Build.0 = Debug|Any CPU
		{16A95F0B-F26C-4E38-B6F4-E74E351DE580}.Release|Any CPU.ActiveCfg = Release|Any CPU
		{16A95F0B-F26C-4E38-B6F4-E74E351DE580}.Release|Any CPU.Build.0 = Release|Any CPU
		{16A95F0B-F26C-4E38-B6F4-E74E351DE580}.Release|x64.ActiveCfg = Release|Any CPU
		{16A95F0B-F26C-4E38-B6F4-E74E351DE580}.Release|x64.Build.0 = Release|Any CPU
		{9EAEBA4C-6905-4CEC-ADAD-FAAA6CE91D8D}.Debug|Any CPU.ActiveCfg = Debug|Any CPU
		{9EAEBA4C-6905-4CEC-ADAD-FAAA6CE91D8D}.Debug|Any CPU.Build.0 = Debug|Any CPU
		{9EAEBA4C-6905-4CEC-ADAD-FAAA6CE91D8D}.Debug|x64.ActiveCfg = Debug|Any CPU
		{9EAEBA4C-6905-4CEC-ADAD-FAAA6CE91D8D}.Debug|x64.Build.0 = Debug|Any CPU
		{9EAEBA4C-6905-4CEC-ADAD-FAAA6CE91D8D}.Release|Any CPU.ActiveCfg = Release|Any CPU
		{9EAEBA4C-6905-4CEC-ADAD-FAAA6CE91D8D}.Release|Any CPU.Build.0 = Release|Any CPU
		{9EAEBA4C-6905-4CEC-ADAD-FAAA6CE91D8D}.Release|x64.ActiveCfg = Release|Any CPU
		{9EAEBA4C-6905-4CEC-ADAD-FAAA6CE91D8D}.Release|x64.Build.0 = Release|Any CPU
		{F592868D-7E27-4845-9795-FF3ABA32E023}.Debug|Any CPU.ActiveCfg = Debug|Any CPU
		{F592868D-7E27-4845-9795-FF3ABA32E023}.Debug|Any CPU.Build.0 = Debug|Any CPU
		{F592868D-7E27-4845-9795-FF3ABA32E023}.Debug|x64.ActiveCfg = Debug|Any CPU
		{F592868D-7E27-4845-9795-FF3ABA32E023}.Debug|x64.Build.0 = Debug|Any CPU
		{F592868D-7E27-4845-9795-FF3ABA32E023}.Release|Any CPU.ActiveCfg = Release|Any CPU
		{F592868D-7E27-4845-9795-FF3ABA32E023}.Release|Any CPU.Build.0 = Release|Any CPU
		{F592868D-7E27-4845-9795-FF3ABA32E023}.Release|x64.ActiveCfg = Release|Any CPU
		{F592868D-7E27-4845-9795-FF3ABA32E023}.Release|x64.Build.0 = Release|Any CPU
		{6FC05410-62A7-43FB-93B6-1EBF233DB2C2}.Debug|Any CPU.ActiveCfg = Debug|Any CPU
		{6FC05410-62A7-43FB-93B6-1EBF233DB2C2}.Debug|Any CPU.Build.0 = Debug|Any CPU
		{6FC05410-62A7-43FB-93B6-1EBF233DB2C2}.Debug|x64.ActiveCfg = Debug|Any CPU
		{6FC05410-62A7-43FB-93B6-1EBF233DB2C2}.Debug|x64.Build.0 = Debug|Any CPU
		{6FC05410-62A7-43FB-93B6-1EBF233DB2C2}.Release|Any CPU.ActiveCfg = Release|Any CPU
		{6FC05410-62A7-43FB-93B6-1EBF233DB2C2}.Release|Any CPU.Build.0 = Release|Any CPU
		{6FC05410-62A7-43FB-93B6-1EBF233DB2C2}.Release|x64.ActiveCfg = Release|Any CPU
		{6FC05410-62A7-43FB-93B6-1EBF233DB2C2}.Release|x64.Build.0 = Release|Any CPU
	EndGlobalSection
	GlobalSection(SolutionProperties) = preSolution
		HideSolutionNode = FALSE
	EndGlobalSection
	GlobalSection(ExtensibilityGlobals) = postSolution
		SolutionGuid = {B1210668-9CD9-4BBD-A1E0-223DBBE515B5}
	EndGlobalSection
EndGlobal
